
Microsoft Visual Studio Solution File, Format Version 12.00
# Visual Studio Version 16
VisualStudioVersion = 25.0.1704.2
MinimumVisualStudioVersion = 10.0.40219.1
Project("{FAE04EC0-301F-11D3-BF4B-00C04F79EFBC}") = "ExamResultExample", "ExamResultExample\ExamResultExample.csproj", "{D07A483B-8579-4FE2-AD42-1A0901B37201}"
EndProject
Global
	GlobalSection(SolutionConfigurationPlatforms) = preSolution
		Debug|Any CPU = Debug|Any CPU
		Release|Any CPU = Release|Any CPU
	EndGlobalSection
	GlobalSection(ProjectConfigurationPlatforms) = postSolution
		{D07A483B-8579-4FE2-AD42-1A0901B37201}.Debug|Any CPU.ActiveCfg = Debug|Any CPU
		{D07A483B-8579-4FE2-AD42-1A0901B37201}.Debug|Any CPU.Build.0 = Debug|Any CPU
		{D07A483B-8579-4FE2-AD42-1A0901B37201}.Release|Any CPU.ActiveCfg = Release|Any CPU
		{D07A483B-8579-4FE2-AD42-1A0901B37201}.Release|Any CPU.Build.0 = Release|Any CPU
	EndGlobalSection
	GlobalSection(SolutionProperties) = preSolution
		HideSolutionNode = FALSE
	EndGlobalSection
	GlobalSection(ExtensibilityGlobals) = postSolution
		SolutionGuid = {4D995EE6-6011-46CB-9E8C-F1F7A9F3BBAD}
	EndGlobalSection
EndGlobal
